{
  "name": "@tencent-ai/codebuddy-code",
  "version": "2.114.1",
  "lockfileVersion": 3,
  "requires": true,
  "packages": {
    "": {
      "name": "@tencent-ai/codebuddy-code",
      "version": "2.114.1",
      "license": "SEE LICENSE IN README.md",
      "bin": {
        "cbc": "bin/codebuddy",
        "cbc-prewarm": "bin/cbc-prewarm",
        "codebuddy": "bin/codebuddy"
      },
      "devDependencies": {},
      "optionalDependencies": {
        "@lydell/node-pty": "1.2.0-beta.12",
        "@lydell/node-pty-darwin-arm64": "1.2.0-beta.12",
        "@lydell/node-pty-darwin-x64": "1.2.0-beta.12",
        "@lydell/node-pty-linux-x64": "1.2.0-beta.12",
        "@lydell/node-pty-win32-arm64": "1.2.0-beta.12",
        "@lydell/node-pty-win32-x64": "1.2.0-beta.12",
        "@tencent-ai/sandbox-cli-darwin-arm64": "5.2.3",
        "@tencent-ai/sandbox-cli-darwin-x64": "5.2.3",
        "@tencent-ai/sandbox-cli-win32-x64": "5.2.9"
      }
    },
    "node_modules/@lydell/node-pty": {
      "version": "1.2.0-beta.12",
      "resolved": "https://registry.npmmirror.com/@lydell/node-pty/-/node-pty-1.2.0-beta.12.tgz",
      "integrity": "sha512-qIK890UwPupoj07osVvgOIa++1mxeHbcGry4PKRHhNVNs81V2SCG34eJr46GybiOmBtc8Sj5PB1/GGM5PL549g==",
      "license": "MIT",
      "optional": true,
      "optionalDependencies": {
        "@lydell/node-pty-darwin-arm64": "1.2.0-beta.12",
        "@lydell/node-pty-darwin-x64": "1.2.0-beta.12",
        "@lydell/node-pty-linux-arm64": "1.2.0-beta.12",
        "@lydell/node-pty-linux-x64": "1.2.0-beta.12",
        "@lydell/node-pty-win32-arm64": "1.2.0-beta.12",
        "@lydell/node-pty-win32-x64": "1.2.0-beta.12"
      }
    },
    "node_modules/@lydell/node-pty-darwin-arm64": {
      "version": "1.2.0-beta.12",
      "resolved": "https://registry.npmmirror.com/@lydell/node-pty-darwin-arm64/-/node-pty-darwin-arm64-1.2.0-beta.12.tgz",
      "integrity": "sha512-tqaifcY9Cr41SblO1+FLzh8oxxtkNhuW9Dhl22lKme9BreYvKvxEZcdPIXTuqkJc5tagOEC4QHShKmJjLyLXLQ==",
      "cpu": [
        "arm64"
      ],
      "license": "MIT",
      "optional": true,
      "os": [
        "darwin"
      ]
    },
    "node_modules/@lydell/node-pty-darwin-x64": {
      "version": "1.2.0-beta.12",
      "resolved": "https://registry.npmmirror.com/@lydell/node-pty-darwin-x64/-/node-pty-darwin-x64-1.2.0-beta.12.tgz",
      "integrity": "sha512-4LrS5pCJwqHKDVf1zS2gyNV0m4hKAXch+XZNhbZ6LY8uwVL8BhchzQBO40Os5anuRxRCWzHpw4Sp64Ie8q7E4Q==",
      "cpu": [
        "x64"
      ],
      "license": "MIT",
      "optional": true,
      "os": [
        "darwin"
      ]
    },
    "node_modules/@lydell/node-pty-linux-arm64": {
      "version": "1.2.0-beta.12",
      "resolved": "https://registry.npmmirror.com/@lydell/node-pty-linux-arm64/-/node-pty-linux-arm64-1.2.0-beta.12.tgz",
      "integrity": "sha512-Sx+A71x5BDGHt9ansfrtGxwq2VFVDWvJUAdlUL0Hv0qeiJUfts+hgopx+CgT4PSwahKjdEgtu0+FAfY9rICKRw==",
      "cpu": [
        "arm64"
      ],
      "license": "MIT",
      "optional": true,
      "os": [
        "linux"
      ]
    },
    "node_modules/@lydell/node-pty-linux-x64": {
      "version": "1.2.0-beta.12",
      "resolved": "https://registry.npmmirror.com/@lydell/node-pty-linux-x64/-/node-pty-linux-x64-1.2.0-beta.12.tgz",
      "integrity": "sha512-bJzs94njofYhGg/UDqW1nj0dtvvu+2OvxMY+RlLS1T17VgcktKoIR6PuenTwE5HJ/D6StCPADmXcT0nNsCKmIQ==",
      "cpu": [
        "x64"
      ],
      "license": "MIT",
      "optional": true,
      "os": [
        "linux"
      ]
    },
    "node_modules/@lydell/node-pty-win32-arm64": {
      "version": "1.2.0-beta.12",
      "resolved": "https://registry.npmmirror.com/@lydell/node-pty-win32-arm64/-/node-pty-win32-arm64-1.2.0-beta.12.tgz",
      "integrity": "sha512-p7POgjVEiFaBC3/y+AKuV1FzePCsJ6HmZDv2XK+jBZSfwP8+uBAw181ZiKYN1YuRa/XpmBGaWezcI8hZkbW++g==",
      "cpu": [
        "arm64"
      ],
      "license": "MIT",
      "optional": true,
      "os": [
        "win32"
      ]
    },
    "node_modules/@lydell/node-pty-win32-x64": {
      "version": "1.2.0-beta.12",
      "resolved": "https://registry.npmmirror.com/@lydell/node-pty-win32-x64/-/node-pty-win32-x64-1.2.0-beta.12.tgz",
      "integrity": "sha512-IDFa00g7qUDGUYgByrUBJtC+mOjYVt/8KYyWivCg5JjGOHbBUACUQZLl0jTWmnr+tld/UyTpX90a2PY6oTVtRw==",
      "cpu": [
        "x64"
      ],
      "license": "MIT",
      "optional": true,
      "os": [
        "win32"
      ]
    },
    "node_modules/@tencent-ai/sandbox-cli-darwin-arm64": {
      "version": "5.2.3",
      "resolved": "https://registry.npmmirror.com/@tencent-ai/sandbox-cli-darwin-arm64/-/sandbox-cli-darwin-arm64-5.2.3.tgz",
      "integrity": "sha512-ad5MnKMC3fUYHUClD3JRIutwIlehY9V/0fPcj5pZ2VCQhG7CUiFpKEigAUiG3eOaDtrFwj9IfQjg9DfClj5bPQ==",
      "cpu": [
        "arm64"
      ],
      "license": "UNLICENSED",
      "optional": true,
      "os": [
        "darwin"
      ]
    },
    "node_modules/@tencent-ai/sandbox-cli-darwin-x64": {
      "version": "5.2.3",
      "resolved": "https://registry.npmmirror.com/@tencent-ai/sandbox-cli-darwin-x64/-/sandbox-cli-darwin-x64-5.2.3.tgz",
      "integrity": "sha512-dVps5LLcX7unK2JbAfu2qUsjlbGy84WBGEBE0mYExng2feSlDC5C8Q65M0eDBrX5Mcd5JuMi3vYVBIFQBZySKw==",
      "cpu": [
        "x64"
      ],
      "license": "UNLICENSED",
      "optional": true,
      "os": [
        "darwin"
      ]
    },
    "node_modules/@tencent-ai/sandbox-cli-win32-x64": {
      "version": "5.2.9",
      "resolved": "https://registry.npmmirror.com/@tencent-ai/sandbox-cli-win32-x64/-/sandbox-cli-win32-x64-5.2.9.tgz",
      "integrity": "sha512-2c6YHpwVLREwah31pa3DbSwE17hCFnSEVxsr0BPyxGATT9MfzdgUA3CdK56pSB/5uaIlPaUdfg+mGivkuz4YBg==",
      "cpu": [
        "x64"
      ],
      "license": "UNLICENSED",
      "optional": true,
      "os": [
        "win32"
      ]
    }
  }
}
